
Microsoft Visual Studio Solution File, Format Version 12.00
# Visual Studio 15
VisualStudioVersion = 15.0.27004.2009
MinimumVisualStudioVersion = 10.0.40219.1
Project("{FAE04EC0-301F-11D3-BF4B-00C04F79EFBC}") = "TeamFoundation", "TeamFoundation\TeamFoundation.csproj", "{EA7CA176-20C1-4105-99C1-B291CA405F8F}"
EndProject
Global
	GlobalSection(SolutionConfigurationPlatforms) = preSolution
		Debug|Any CPU = Debug|Any CPU
		Release|Any CPU = Release|Any CPU
	EndGlobalSection
	GlobalSection(ProjectConfigurationPlatforms) = postSolution
		{EA7CA176-20C1-4105-99C1-B291CA405F8F}.Debug|Any CPU.ActiveCfg = Debug|Any CPU
		{EA7CA176-20C1-4105-99C1-B291CA405F8F}.Debug|Any CPU.Build.0 = Debug|Any CPU
		{EA7CA176-20C1-4105-99C1-B291CA405F8F}.Release|Any CPU.ActiveCfg = Release|Any CPU
		{EA7CA176-20C1-4105-99C1-B291CA405F8F}.Release|Any CPU.Build.0 = Release|Any CPU
	EndGlobalSection
	GlobalSection(SolutionProperties) = preSolution
		HideSolutionNode = FALSE
	EndGlobalSection
	GlobalSection(ExtensibilityGlobals) = postSolution
		SolutionGuid = {5D4DA93A-C0C7-4DE0-84CD-DF0F1F76B0B3}
	EndGlobalSection
EndGlobal
